
Microsoft Visual Studio Solution File, Format Version 12.00
# Visual Studio Version 17
VisualStudioVersion = 17.5.33530.505
MinimumVisualStudioVersion = 10.0.40219.1
Project("{FAE04EC0-301F-11D3-BF4B-00C04F79EFBC}") = "EmguCVTest", "EmguCVTest\EmguCVTest.csproj", "{AF195424-A306-4D7C-9C91-B86D88AFA6F3}"
EndProject
Project("{FAE04EC0-301F-11D3-BF4B-00C04F79EFBC}") = "EmguCVTestFramework", "EmguCVTestFramework\EmguCVTestFramework.csproj", "{08C02A52-B1F6-46A6-8BE0-7D2CED5D81E0}"
EndProject
Global
	GlobalSection(SolutionConfigurationPlatforms) = preSolution
		Debug|Any CPU = Debug|Any CPU
		Release|Any CPU = Release|Any CPU
	EndGlobalSection
	GlobalSection(ProjectConfigurationPlatforms) = postSolution
		{AF195424-A306-4D7C-9C91-B86D88AFA6F3}.Debug|Any CPU.ActiveCfg = Debug|Any CPU
		{AF195424-A306-4D7C-9C91-B86D88AFA6F3}.Debug|Any CPU.Build.0 = Debug|Any CPU
		{AF195424-A306-4D7C-9C91-B86D88AFA6F3}.Release|Any CPU.ActiveCfg = Release|Any CPU
		{AF195424-A306-4D7C-9C91-B86D88AFA6F3}.Release|Any CPU.Build.0 = Release|Any CPU
		{08C02A52-B1F6-46A6-8BE0-7D2CED5D81E0}.Debug|Any CPU.ActiveCfg = Debug|Any CPU
		{08C02A52-B1F6-46A6-8BE0-7D2CED5D81E0}.Debug|Any CPU.Build.0 = Debug|Any CPU
		{08C02A52-B1F6-46A6-8BE0-7D2CED5D81E0}.Release|Any CPU.ActiveCfg = Release|Any CPU
		{08C02A52-B1F6-46A6-8BE0-7D2CED5D81E0}.Release|Any CPU.Build.0 = Release|Any CPU
	EndGlobalSection
	GlobalSection(SolutionProperties) = preSolution
		HideSolutionNode = FALSE
	EndGlobalSection
	GlobalSection(ExtensibilityGlobals) = postSolution
		SolutionGuid = {B3357E66-E0FF-49C3-8A19-76BDE3E96D53}
	EndGlobalSection
EndGlobal
